// !$*UTF8*$!
{
	archiveVersion = 1;
	classes = {
	};
	objectVersion = 46;
	objects = {

/* Begin PBXBuildFile section */
		040EA385538567E5AD05DC53 /* Pods_LiveProject.framework in Frameworks */ = {isa = PBXBuildFile; fileRef = 922EC081B7BFED29587E20E6 /* Pods_LiveProject.framework */; };
		3463DA0A1EE74484F5819B63 /* Pods_LiveProjectTests.framework in Frameworks */ = {isa = PBXBuildFile; fileRef = 8AD450957296637E68373E03 /* Pods_LiveProjectTests.framework */; };
		6347597D1D3341ED00200374 /* LiveViewCell.m in Sources */ = {isa = PBXBuildFile; fileRef = 6347597B1D3341ED00200374 /* LiveViewCell.m */; };
		6347597E1D3341ED00200374 /* LiveViewCell.xib in Resources */ = {isa = PBXBuildFile; fileRef = 6347597C1D3341ED00200374 /* LiveViewCell.xib */; };
		63C272D21D2E45F00062C805 /* main.m in Sources */ = {isa = PBXBuildFile; fileRef = 63C272D11D2E45F00062C805 /* main.m */; };
		63C272D51D2E45F00062C805 /* AppDelegate.m in Sources */ = {isa = PBXBuildFile; fileRef = 63C272D41D2E45F00062C805 /* AppDelegate.m */; };
		63C272D81D2E45F00062C805 /* ViewController.m in Sources */ = {isa = PBXBuildFile; fileRef = 63C272D71D2E45F00062C805 /* ViewController.m */; };
		63C272DD1D2E45F00062C805 /* Assets.xcassets in Resources */ = {isa = PBXBuildFile; fileRef = 63C272DC1D2E45F00062C805 /* Assets.xcassets */; };
		63C272E01D2E45F00062C805 /* LaunchScreen.storyboard in Resources */ = {isa = PBXBuildFile; fileRef = 63C272DE1D2E45F00062C805 /* LaunchScreen.storyboard */; };
		63C272EB1D2E45F10062C805 /* LiveProjectTests.m in Sources */ = {isa = PBXBuildFile; fileRef = 63C272EA1D2E45F10062C805 /* LiveProjectTests.m */; };
		63C272F61D2E45F10062C805 /* LiveProjectUITests.m in Sources */ = {isa = PBXBuildFile; fileRef = 63C272F51D2E45F10062C805 /* LiveProjectUITests.m */; };
		63C273051D2E46270062C805 /* IJKMediaFramework.framework in Frameworks */ = {isa = PBXBuildFile; fileRef = 63C273041D2E46270062C805 /* IJKMediaFramework.framework */; };
		63C273071D2E46650062C805 /* CoreVideo.framework in Frameworks */ = {isa = PBXBuildFile; fileRef = 63C273061D2E46650062C805 /* CoreVideo.framework */; };
		63C273091D2E46700062C805 /* VideoToolbox.framework in Frameworks */ = {isa = PBXBuildFile; fileRef = 63C273081D2E46700062C805 /* VideoToolbox.framework */; };
		63C2730B1D2E467B0062C805 /* QuartzCore.framework in Frameworks */ = {isa = PBXBuildFile; fileRef = 63C2730A1D2E467B0062C805 /* QuartzCore.framework */; };
		63C2730D1D2E46820062C805 /* OpenGLES.framework in Frameworks */ = {isa = PBXBuildFile; fileRef = 63C2730C1D2E46820062C805 /* OpenGLES.framework */; };
		63C2730F1D2E468E0062C805 /* MobileCoreServices.framework in Frameworks */ = {isa = PBXBuildFile; fileRef = 63C2730E1D2E468E0062C805 /* MobileCoreServices.framework */; };
		63C273111D2E469A0062C805 /* AudioToolbox.framework in Frameworks */ = {isa = PBXBuildFile; fileRef = 63C273101D2E469A0062C805 /* AudioToolbox.framework */; };
		63C273131D2E46A40062C805 /* AVFoundation.framework in Frameworks */ = {isa = PBXBuildFile; fileRef = 63C273121D2E46A40062C805 /* AVFoundation.framework */; };
		63C273151D2E46AE0062C805 /* CoreGraphics.framework in Frameworks */ = {isa = PBXBuildFile; fileRef = 63C273141D2E46AE0062C805 /* CoreGraphics.framework */; };
		63C273171D2E46BE0062C805 /* MediaPlayer.framework in Frameworks */ = {isa = PBXBuildFile; fileRef = 63C273161D2E46BE0062C805 /* MediaPlayer.framework */; };
		63C273191D2E46CD0062C805 /* libbz2.tbd in Frameworks */ = {isa = PBXBuildFile; fileRef = 63C273181D2E46CD0062C805 /* libbz2.tbd */; };
		63C2731B1D2E46D30062C805 /* libz.tbd in Frameworks */ = {isa = PBXBuildFile; fileRef = 63C2731A1D2E46D30062C805 /* libz.tbd */; };
		63C273231D2E58780062C805 /* NetAccessor.m in Sources */ = {isa = PBXBuildFile; fileRef = 63C273201D2E58780062C805 /* NetAccessor.m */; };
		63C273241D2E58780062C805 /* UIViewController+HUDUtils.m in Sources */ = {isa = PBXBuildFile; fileRef = 63C273221D2E58780062C805 /* UIViewController+HUDUtils.m */; };
		63C273401D2E5CC50062C805 /* UIDevice+SLExtension.m in Sources */ = {isa = PBXBuildFile; fileRef = 63C273281D2E5CC50062C805 /* UIDevice+SLExtension.m */; };
		63C273411D2E5CC50062C805 /* NSObject+ALinHUD.m in Sources */ = {isa = PBXBuildFile; fileRef = 63C2732B1D2E5CC50062C805 /* NSObject+ALinHUD.m */; };
		63C273421D2E5CC50062C805 /* UIViewController+SLHUD.m in Sources */ = {isa = PBXBuildFile; fileRef = 63C2732D1D2E5CC50062C805 /* UIViewController+SLHUD.m */; };
		63C273431D2E5CC50062C805 /* ALinRefreshGifHeader.m in Sources */ = {isa = PBXBuildFile; fileRef = 63C273301D2E5CC50062C805 /* ALinRefreshGifHeader.m */; };
		63C273441D2E5CC50062C805 /* UIImage+ALinExtension.m in Sources */ = {isa = PBXBuildFile; fileRef = 63C273331D2E5CC50062C805 /* UIImage+ALinExtension.m */; };
		63C273451D2E5CC50062C805 /* UIImageView+Extension.m in Sources */ = {isa = PBXBuildFile; fileRef = 63C273361D2E5CC50062C805 /* UIImageView+Extension.m */; };
		63C273461D2E5CC50062C805 /* UIView+SLExtension.m in Sources */ = {isa = PBXBuildFile; fileRef = 63C273391D2E5CC50062C805 /* UIView+SLExtension.m */; };
		63C273471D2E5CC50062C805 /* UIViewController+SLExtension.m in Sources */ = {isa = PBXBuildFile; fileRef = 63C2733C1D2E5CC50062C805 /* UIViewController+SLExtension.m */; };
		63C273481D2E5CC50062C805 /* SLTopWindow.m in Sources */ = {isa = PBXBuildFile; fileRef = 63C2733F1D2E5CC50062C805 /* SLTopWindow.m */; };
		63C273601D2F43510062C805 /* BaseNavigationViewController.m in Sources */ = {isa = PBXBuildFile; fileRef = 63C2735F1D2F43510062C805 /* BaseNavigationViewController.m */; };
		63C273631D2F43B40062C805 /* BaseTabBarControllerViewController.m in Sources */ = {isa = PBXBuildFile; fileRef = 63C273621D2F43B40062C805 /* BaseTabBarControllerViewController.m */; };
		63C273661D2F5A480062C805 /* HomeViewController.m in Sources */ = {isa = PBXBuildFile; fileRef = 63C273651D2F5A480062C805 /* HomeViewController.m */; };
		63C273691D2F5A9D0062C805 /* PartViewController.m in Sources */ = {isa = PBXBuildFile; fileRef = 63C273681D2F5A9D0062C805 /* PartViewController.m */; };
		63C2736C1D2F5AD20062C805 /* LiveViewController.m in Sources */ = {isa = PBXBuildFile; fileRef = 63C2736B1D2F5AD20062C805 /* LiveViewController.m */; };
		63C273C11D2F9B6B0062C805 /* ani_popover_loading_yz_small.gif in Resources */ = {isa = PBXBuildFile; fileRef = 63C273BE1D2F9B6B0062C805 /* ani_popover_loading_yz_small.gif */; };
		63C273C21D2F9B6B0062C805 /* ani_popover_loading_yz.gif in Resources */ = {isa = PBXBuildFile; fileRef = 63C273BF1D2F9B6B0062C805 /* ani_popover_loading_yz.gif */; };
		63C273C31D2F9B6B0062C805 /* btn_nav_open_ani_sc_normal.gif in Resources */ = {isa = PBXBuildFile; fileRef = 63C273C01D2F9B6B0062C805 /* btn_nav_open_ani_sc_normal.gif */; };
		63C273CB1D2FA3630062C805 /* PersonViewController.m in Sources */ = {isa = PBXBuildFile; fileRef = 63C273C91D2FA3630062C805 /* PersonViewController.m */; };
		63C273CC1D2FA3630062C805 /* PersonViewController.xib in Resources */ = {isa = PBXBuildFile; fileRef = 63C273CA1D2FA3630062C805 /* PersonViewController.xib */; };
		63C273CF1D2FAE600062C805 /* LiveFlowLayout.m in Sources */ = {isa = PBXBuildFile; fileRef = 63C273CE1D2FAE600062C805 /* LiveFlowLayout.m */; };
		92D8AE97AAF3B07497474C2B /* Pods_LiveProjectUITests.framework in Frameworks */ = {isa = PBXBuildFile; fileRef = 7B4490761A6B381B6E655F3E /* Pods_LiveProjectUITests.framework */; };
/* End PBXBuildFile section */

/* Begin PBXContainerItemProxy section */
		63C272E71D2E45F10062C805 /* PBXContainerItemProxy */ = {
			isa = PBXContainerItemProxy;
			containerPortal = 63C272C51D2E45F00062C805 /* Project object */;
			proxyType = 1;
			remoteGlobalIDString = 63C272CC1D2E45F00062C805;
			remoteInfo = LiveProject;
		};
		63C272F21D2E45F10062C805 /* PBXContainerItemProxy */ = {
			isa = PBXContainerItemProxy;
			containerPortal = 63C272C51D2E45F00062C805 /* Project object */;
			proxyType = 1;
			remoteGlobalIDString = 63C272CC1D2E45F00062C805;
			remoteInfo = LiveProject;
		};
/* End PBXContainerItemProxy section */

/* Begin PBXFileReference section */
		0D40A4B1A74D2675B2F9020E /* Pods-LiveProject.debug.xcconfig */ = {isa = PBXFileReference; includeInIndex = 1; lastKnownFileType = text.xcconfig; name = "Pods-LiveProject.debug.xcconfig"; path = "Pods/Target Support Files/Pods-LiveProject/Pods-LiveProject.debug.xcconfig"; sourceTree = "<group>"; };
		40D48536A90284C19C79B6D4 /* Pods-LiveProject.release.xcconfig */ = {isa = PBXFileReference; includeInIndex = 1; lastKnownFileType = text.xcconfig; name = "Pods-LiveProject.release.xcconfig"; path = "Pods/Target Support Files/Pods-LiveProject/Pods-LiveProject.release.xcconfig"; sourceTree = "<group>"; };
		4A70146E202DD8207C3A1028 /* Pods-LiveProjectUITests.debug.xcconfig */ = {isa = PBXFileReference; includeInIndex = 1; lastKnownFileType = text.xcconfig; name = "Pods-LiveProjectUITests.debug.xcconfig"; path = "Pods/Target Support Files/Pods-LiveProjectUITests/Pods-LiveProjectUITests.debug.xcconfig"; sourceTree = "<group>"; };
		4E04E2346BF078078928C28B /* Pods-LiveProjectTests.debug.xcconfig */ = {isa = PBXFileReference; includeInIndex = 1; lastKnownFileType = text.xcconfig; name = "Pods-LiveProjectTests.debug.xcconfig"; path = "Pods/Target Support Files/Pods-LiveProjectTests/Pods-LiveProjectTests.debug.xcconfig"; sourceTree = "<group>"; };
		6347597A1D3341ED00200374 /* LiveViewCell.h */ = {isa = PBXFileReference; fileEncoding = 4; lastKnownFileType = sourcecode.c.h; path = LiveViewCell.h; sourceTree = "<group>"; };
		6347597B1D3341ED00200374 /* LiveViewCell.m */ = {isa = PBXFileReference; fileEncoding = 4; lastKnownFileType = sourcecode.c.objc; path = LiveViewCell.m; sourceTree = "<group>"; };
		6347597C1D3341ED00200374 /* LiveViewCell.xib */ = {isa = PBXFileReference; fileEncoding = 4; lastKnownFileType = file.xib; path = LiveViewCell.xib; sourceTree = "<group>"; };
		63C272CD1D2E45F00062C805 /* LiveProject.app */ = {isa = PBXFileReference; explicitFileType = wrapper.application; includeInIndex = 0; path = LiveProject.app; sourceTree = BUILT_PRODUCTS_DIR; };
		63C272D11D2E45F00062C805 /* main.m */ = {isa = PBXFileReference; lastKnownFileType = sourcecode.c.objc; path = main.m; sourceTree = "<group>"; };
		63C272D31D2E45F00062C805 /* AppDelegate.h */ = {isa = PBXFileReference; lastKnownFileType = sourcecode.c.h; path = AppDelegate.h; sourceTree = "<group>"; };
		63C272D41D2E45F00062C805 /* AppDelegate.m */ = {isa = PBXFileReference; lastKnownFileType = sourcecode.c.objc; path = AppDelegate.m; sourceTree = "<group>"; };
		63C272D61D2E45F00062C805 /* ViewController.h */ = {isa = PBXFileReference; lastKnownFileType = sourcecode.c.h; path = ViewController.h; sourceTree = "<group>"; };
		63C272D71D2E45F00062C805 /* ViewController.m */ = {isa = PBXFileReference; lastKnownFileType = sourcecode.c.objc; path = ViewController.m; sourceTree = "<group>"; };
		63C272DC1D2E45F00062C805 /* Assets.xcassets */ = {isa = PBXFileReference; lastKnownFileType = folder.assetcatalog; path = Assets.xcassets; sourceTree = "<group>"; };
		63C272DF1D2E45F00062C805 /* Base */ = {isa = PBXFileReference; lastKnownFileType = file.storyboard; name = Base; path = Base.lproj/LaunchScreen.storyboard; sourceTree = "<group>"; };
		63C272E11D2E45F00062C805 /* Info.plist */ = {isa = PBXFileReference; lastKnownFileType = text.plist.xml; path = Info.plist; sourceTree = "<group>"; };
		63C272E61D2E45F10062C805 /* LiveProjectTests.xctest */ = {isa = PBXFileReference; explicitFileType = wrapper.cfbundle; includeInIndex = 0; path = LiveProjectTests.xctest; sourceTree = BUILT_PRODUCTS_DIR; };
		63C272EA1D2E45F10062C805 /* LiveProjectTests.m */ = {isa = PBXFileReference; lastKnownFileType = sourcecode.c.objc; path = LiveProjectTests.m; sourceTree = "<group>"; };
		63C272EC1D2E45F10062C805 /* Info.plist */ = {isa = PBXFileReference; lastKnownFileType = text.plist.xml; path = Info.plist; sourceTree = "<group>"; };
		63C272F11D2E45F10062C805 /* LiveProjectUITests.xctest */ = {isa = PBXFileReference; explicitFileType = wrapper.cfbundle; includeInIndex = 0; path = LiveProjectUITests.xctest; sourceTree = BUILT_PRODUCTS_DIR; };
		63C272F51D2E45F10062C805 /* LiveProjectUITests.m */ = {isa = PBXFileReference; lastKnownFileType = sourcecode.c.objc; path = LiveProjectUITests.m; sourceTree = "<group>"; };
		63C272F71D2E45F10062C805 /* Info.plist */ = {isa = PBXFileReference; lastKnownFileType = text.plist.xml; path = Info.plist; sourceTree = "<group>"; };
		63C273041D2E46270062C805 /* IJKMediaFramework.framework */ = {isa = PBXFileReference; lastKnownFileType = wrapper.framework; path = IJKMediaFramework.framework; sourceTree = "<group>"; };
		63C273061D2E46650062C805 /* CoreVideo.framework */ = {isa = PBXFileReference; lastKnownFileType = wrapper.framework; name = CoreVideo.framework; path = System/Library/Frameworks/CoreVideo.framework; sourceTree = SDKROOT; };
		63C273081D2E46700062C805 /* VideoToolbox.framework */ = {isa = PBXFileReference; lastKnownFileType = wrapper.framework; name = VideoToolbox.framework; path = System/Library/Frameworks/VideoToolbox.framework; sourceTree = SDKROOT; };
		63C2730A1D2E467B0062C805 /* QuartzCore.framework */ = {isa = PBXFileReference; lastKnownFileType = wrapper.framework; name = QuartzCore.framework; path = System/Library/Frameworks/QuartzCore.framework; sourceTree = SDKROOT; };
		63C2730C1D2E46820062C805 /* OpenGLES.framework */ = {isa = PBXFileReference; lastKnownFileType = wrapper.framework; name = OpenGLES.framework; path = System/Library/Frameworks/OpenGLES.framework; sourceTree = SDKROOT; };
		63C2730E1D2E468E0062C805 /* MobileCoreServices.framework */ = {isa = PBXFileReference; lastKnownFileType = wrapper.framework; name = MobileCoreServices.framework; path = System/Library/Frameworks/MobileCoreServices.framework; sourceTree = SDKROOT; };
		63C273101D2E469A0062C805 /* AudioToolbox.framework */ = {isa = PBXFileReference; lastKnownFileType = wrapper.framework; name = AudioToolbox.framework; path = System/Library/Frameworks/AudioToolbox.framework; sourceTree = SDKROOT; };
		63C273121D2E46A40062C805 /* AVFoundation.framework */ = {isa = PBXFileReference; lastKnownFileType = wrapper.framework; name = AVFoundation.framework; path = System/Library/Frameworks/AVFoundation.framework; sourceTree = SDKROOT; };
		63C273141D2E46AE0062C805 /* CoreGraphics.framework */ = {isa = PBXFileReference; lastKnownFileType = wrapper.framework; name = CoreGraphics.framework; path = System/Library/Frameworks/CoreGraphics.framework; sourceTree = SDKROOT; };
		63C273161D2E46BE0062C805 /* MediaPlayer.framework */ = {isa = PBXFileReference; lastKnownFileType = wrapper.framework; name = MediaPlayer.framework; path = System/Library/Frameworks/MediaPlayer.framework; sourceTree = SDKROOT; };
		63C273181D2E46CD0062C805 /* libbz2.tbd */ = {isa = PBXFileReference; lastKnownFileType = "sourcecode.text-based-dylib-definition"; name = libbz2.tbd; path = usr/lib/libbz2.tbd; sourceTree = SDKROOT; };
		63C2731A1D2E46D30062C805 /* libz.tbd */ = {isa = PBXFileReference; lastKnownFileType = "sourcecode.text-based-dylib-definition"; name = libz.tbd; path = usr/lib/libz.tbd; sourceTree = SDKROOT; };
		63C2731C1D2E56C40062C805 /* LiveProject.pch */ = {isa = PBXFileReference; fileEncoding = 4; lastKnownFileType = sourcecode.c.h; path = LiveProject.pch; sourceTree = "<group>"; };
		63C2731F1D2E58780062C805 /* NetAccessor.h */ = {isa = PBXFileReference; fileEncoding = 4; lastKnownFileType = sourcecode.c.h; path = NetAccessor.h; sourceTree = "<group>"; };
		63C273201D2E58780062C805 /* NetAccessor.m */ = {isa = PBXFileReference; fileEncoding = 4; lastKnownFileType = sourcecode.c.objc; path = NetAccessor.m; sourceTree = "<group>"; };
		63C273211D2E58780062C805 /* UIViewController+HUDUtils.h */ = {isa = PBXFileReference; fileEncoding = 4; lastKnownFileType = sourcecode.c.h; path = "UIViewController+HUDUtils.h"; sourceTree = "<group>"; };
		63C273221D2E58780062C805 /* UIViewController+HUDUtils.m */ = {isa = PBXFileReference; fileEncoding = 4; lastKnownFileType = sourcecode.c.objc; path = "UIViewController+HUDUtils.m"; sourceTree = "<group>"; };
		63C273271D2E5CC50062C805 /* UIDevice+SLExtension.h */ = {isa = PBXFileReference; fileEncoding = 4; lastKnownFileType = sourcecode.c.h; path = "UIDevice+SLExtension.h"; sourceTree = "<group>"; };
		63C273281D2E5CC50062C805 /* UIDevice+SLExtension.m */ = {isa = PBXFileReference; fileEncoding = 4; lastKnownFileType = sourcecode.c.objc; path = "UIDevice+SLExtension.m"; sourceTree = "<group>"; };
		63C2732A1D2E5CC50062C805 /* NSObject+ALinHUD.h */ = {isa = PBXFileReference; fileEncoding = 4; lastKnownFileType = sourcecode.c.h; path = "NSObject+ALinHUD.h"; sourceTree = "<group>"; };
		63C2732B1D2E5CC50062C805 /* NSObject+ALinHUD.m */ = {isa = PBXFileReference; fileEncoding = 4; lastKnownFileType = sourcecode.c.objc; path = "NSObject+ALinHUD.m"; sourceTree = "<group>"; };
		63C2732C1D2E5CC50062C805 /* UIViewController+SLHUD.h */ = {isa = PBXFileReference; fileEncoding = 4; lastKnownFileType = sourcecode.c.h; path = "UIViewController+SLHUD.h"; sourceTree = "<group>"; };
		63C2732D1D2E5CC50062C805 /* UIViewController+SLHUD.m */ = {isa = PBXFileReference; fileEncoding = 4; lastKnownFileType = sourcecode.c.objc; path = "UIViewController+SLHUD.m"; sourceTree = "<group>"; };
		63C2732F1D2E5CC50062C805 /* ALinRefreshGifHeader.h */ = {isa = PBXFileReference; fileEncoding = 4; lastKnownFileType = sourcecode.c.h; path = ALinRefreshGifHeader.h; sourceTree = "<group>"; };
		63C273301D2E5CC50062C805 /* ALinRefreshGifHeader.m */ = {isa = PBXFileReference; fileEncoding = 4; lastKnownFileType = sourcecode.c.objc; path = ALinRefreshGifHeader.m; sourceTree = "<group>"; };
		63C273321D2E5CC50062C805 /* UIImage+ALinExtension.h */ = {isa = PBXFileReference; fileEncoding = 4; lastKnownFileType = sourcecode.c.h; path = "UIImage+ALinExtension.h"; sourceTree = "<group>"; };
		63C273331D2E5CC50062C805 /* UIImage+ALinExtension.m */ = {isa = PBXFileReference; fileEncoding = 4; lastKnownFileType = sourcecode.c.objc; path = "UIImage+ALinExtension.m"; sourceTree = "<group>"; };
		63C273351D2E5CC50062C805 /* UIImageView+Extension.h */ = {isa = PBXFileReference; fileEncoding = 4; lastKnownFileType = sourcecode.c.h; path = "UIImageView+Extension.h"; sourceTree = "<group>"; };
		63C273361D2E5CC50062C805 /* UIImageView+Extension.m */ = {isa = PBXFileReference; fileEncoding = 4; lastKnownFileType = sourcecode.c.objc; path = "UIImageView+Extension.m"; sourceTree = "<group>"; };
		63C273381D2E5CC50062C805 /* UIView+SLExtension.h */ = {isa = PBXFileReference; fileEncoding = 4; lastKnownFileType = sourcecode.c.h; path = "UIView+SLExtension.h"; sourceTree = "<group>"; };
		63C273391D2E5CC50062C805 /* UIView+SLExtension.m */ = {isa = PBXFileReference; fileEncoding = 4; lastKnownFileType = sourcecode.c.objc; path = "UIView+SLExtension.m"; sourceTree = "<group>"; };
		63C2733B1D2E5CC50062C805 /* UIViewController+SLExtension.h */ = {isa = PBXFileReference; fileEncoding = 4; lastKnownFileType = sourcecode.c.h; path = "UIViewController+SLExtension.h"; sourceTree = "<group>"; };
		63C2733C1D2E5CC50062C805 /* UIViewController+SLExtension.m */ = {isa = PBXFileReference; fileEncoding = 4; lastKnownFileType = sourcecode.c.objc; path = "UIViewController+SLExtension.m"; sourceTree = "<group>"; };
		63C2733E1D2E5CC50062C805 /* SLTopWindow.h */ = {isa = PBXFileReference; fileEncoding = 4; lastKnownFileType = sourcecode.c.h; path = SLTopWindow.h; sourceTree = "<group>"; };
		63C2733F1D2E5CC50062C805 /* SLTopWindow.m */ = {isa = PBXFileReference; fileEncoding = 4; lastKnownFileType = sourcecode.c.objc; path = SLTopWindow.m; sourceTree = "<group>"; };
		63C2734B1D2F3BE70062C805 /* GlobalConfig.h */ = {isa = PBXFileReference; fileEncoding = 4; lastKnownFileType = sourcecode.c.h; path = GlobalConfig.h; sourceTree = "<group>"; };
		63C2735E1D2F43510062C805 /* BaseNavigationViewController.h */ = {isa = PBXFileReference; fileEncoding = 4; lastKnownFileType = sourcecode.c.h; path = BaseNavigationViewController.h; sourceTree = "<group>"; };
		63C2735F1D2F43510062C805 /* BaseNavigationViewController.m */ = {isa = PBXFileReference; fileEncoding = 4; lastKnownFileType = sourcecode.c.objc; path = BaseNavigationViewController.m; sourceTree = "<group>"; };
		63C273611D2F43B40062C805 /* BaseTabBarControllerViewController.h */ = {isa = PBXFileReference; fileEncoding = 4; lastKnownFileType = sourcecode.c.h; path = BaseTabBarControllerViewController.h; sourceTree = "<group>"; };
		63C273621D2F43B40062C805 /* BaseTabBarControllerViewController.m */ = {isa = PBXFileReference; fileEncoding = 4; lastKnownFileType = sourcecode.c.objc; path = BaseTabBarControllerViewController.m; sourceTree = "<group>"; };
		63C273641D2F5A480062C805 /* HomeViewController.h */ = {isa = PBXFileReference; fileEncoding = 4; lastKnownFileType = sourcecode.c.h; path = HomeViewController.h; sourceTree = "<group>"; };
		63C273651D2F5A480062C805 /* HomeViewController.m */ = {isa = PBXFileReference; fileEncoding = 4; lastKnownFileType = sourcecode.c.objc; path = HomeViewController.m; sourceTree = "<group>"; };
		63C273671D2F5A9D0062C805 /* PartViewController.h */ = {isa = PBXFileReference; fileEncoding = 4; lastKnownFileType = sourcecode.c.h; path = PartViewController.h; sourceTree = "<group>"; };
		63C273681D2F5A9D0062C805 /* PartViewController.m */ = {isa = PBXFileReference; fileEncoding = 4; lastKnownFileType = sourcecode.c.objc; path = PartViewController.m; sourceTree = "<group>"; };
		63C2736A1D2F5AD20062C805 /* LiveViewController.h */ = {isa = PBXFileReference; fileEncoding = 4; lastKnownFileType = sourcecode.c.h; path = LiveViewController.h; sourceTree = "<group>"; };
		63C2736B1D2F5AD20062C805 /* LiveViewController.m */ = {isa = PBXFileReference; fileEncoding = 4; lastKnownFileType = sourcecode.c.objc; path = LiveViewController.m; sourceTree = "<group>"; };
		63C273BE1D2F9B6B0062C805 /* ani_popover_loading_yz_small.gif */ = {isa = PBXFileReference; lastKnownFileType = image.gif; path = ani_popover_loading_yz_small.gif; sourceTree = "<group>"; };
		63C273BF1D2F9B6B0062C805 /* ani_popover_loading_yz.gif */ = {isa = PBXFileReference; lastKnownFileType = image.gif; path = ani_popover_loading_yz.gif; sourceTree = "<group>"; };
		63C273C01D2F9B6B0062C805 /* btn_nav_open_ani_sc_normal.gif */ = {isa = PBXFileReference; lastKnownFileType = image.gif; path = btn_nav_open_ani_sc_normal.gif; sourceTree = "<group>"; };
		63C273C81D2FA3630062C805 /* PersonViewController.h */ = {isa = PBXFileReference; fileEncoding = 4; lastKnownFileType = sourcecode.c.h; path = PersonViewController.h; sourceTree = "<group>"; };
		63C273C91D2FA3630062C805 /* PersonViewController.m */ = {isa = PBXFileReference; fileEncoding = 4; lastKnownFileType = sourcecode.c.objc; path = PersonViewController.m; sourceTree = "<group>"; };
		63C273CA1D2FA3630062C805 /* PersonViewController.xib */ = {isa = PBXFileReference; fileEncoding = 4; lastKnownFileType = file.xib; path = PersonViewController.xib; sourceTree = "<group>"; };
		63C273CD1D2FAE600062C805 /* LiveFlowLayout.h */ = {isa = PBXFileReference; fileEncoding = 4; lastKnownFileType = sourcecode.c.h; path = LiveFlowLayout.h; sourceTree = "<group>"; };
		63C273CE1D2FAE600062C805 /* LiveFlowLayout.m */ = {isa = PBXFileReference; fileEncoding = 4; lastKnownFileType = sourcecode.c.objc; path = LiveFlowLayout.m; sourceTree = "<group>"; };
		7B4490761A6B381B6E655F3E /* Pods_LiveProjectUITests.framework */ = {isa = PBXFileReference; explicitFileType = wrapper.framework; includeInIndex = 0; path = Pods_LiveProjectUITests.framework; sourceTree = BUILT_PRODUCTS_DIR; };
		8AD450957296637E68373E03 /* Pods_LiveProjectTests.framework */ = {isa = PBXFileReference; explicitFileType = wrapper.framework; includeInIndex = 0; path = Pods_LiveProjectTests.framework; sourceTree = BUILT_PRODUCTS_DIR; };
		922EC081B7BFED29587E20E6 /* Pods_LiveProject.framework */ = {isa = PBXFileReference; explicitFileType = wrapper.framework; includeInIndex = 0; path = Pods_LiveProject.framework; sourceTree = BUILT_PRODUCTS_DIR; };
		99B05EC76CCEE275B9BA0716 /* Pods-LiveProjectTests.release.xcconfig */ = {isa = PBXFileReference; includeInIndex = 1; lastKnownFileType = text.xcconfig; name = "Pods-LiveProjectTests.release.xcconfig"; path = "Pods/Target Support Files/Pods-LiveProjectTests/Pods-LiveProjectTests.release.xcconfig"; sourceTree = "<group>"; };
		A9BEFED0DF6F0F1ABDFD78FA /* Pods-LiveProjectUITests.release.xcconfig */ = {isa = PBXFileReference; includeInIndex = 1; lastKnownFileType = text.xcconfig; name = "Pods-LiveProjectUITests.release.xcconfig"; path = "Pods/Target Support Files/Pods-LiveProjectUITests/Pods-LiveProjectUITests.release.xcconfig"; sourceTree = "<group>"; };
/* End PBXFileReference section */

/* Begin PBXFrameworksBuildPhase section */
		63C272CA1D2E45F00062C805 /* Frameworks */ = {
			isa = PBXFrameworksBuildPhase;
			buildActionMask = 2147483647;
			files = (
				63C2731B1D2E46D30062C805 /* libz.tbd in Frameworks */,
				63C273191D2E46CD0062C805 /* libbz2.tbd in Frameworks */,
				63C2730F1D2E468E0062C805 /* MobileCoreServices.framework in Frameworks */,
				63C273171D2E46BE0062C805 /* MediaPlayer.framework in Frameworks */,
				63C273151D2E46AE0062C805 /* CoreGraphics.framework in Frameworks */,
				63C273131D2E46A40062C805 /* AVFoundation.framework in Frameworks */,
				63C273111D2E469A0062C805 /* AudioToolbox.framework in Frameworks */,
				63C2730D1D2E46820062C805 /* OpenGLES.framework in Frameworks */,
				63C2730B1D2E467B0062C805 /* QuartzCore.framework in Frameworks */,
				63C273091D2E46700062C805 /* VideoToolbox.framework in Frameworks */,
				63C273071D2E46650062C805 /* CoreVideo.framework in Frameworks */,
				63C273051D2E46270062C805 /* IJKMediaFramework.framework in Frameworks */,
				040EA385538567E5AD05DC53 /* Pods_LiveProject.framework in Frameworks */,
			);
			runOnlyForDeploymentPostprocessing = 0;
		};
		63C272E31D2E45F10062C805 /* Frameworks */ = {
			isa = PBXFrameworksBuildPhase;
			buildActionMask = 2147483647;
			files = (
				3463DA0A1EE74484F5819B63 /* Pods_LiveProjectTests.framework in Frameworks */,
			);
			runOnlyForDeploymentPostprocessing = 0;
		};
		63C272EE1D2E45F10062C805 /* Frameworks */ = {
			isa = PBXFrameworksBuildPhase;
			buildActionMask = 2147483647;
			files = (
				92D8AE97AAF3B07497474C2B /* Pods_LiveProjectUITests.framework in Frameworks */,
			);
			runOnlyForDeploymentPostprocessing = 0;
		};
/* End PBXFrameworksBuildPhase section */

/* Begin PBXGroup section */
		3B38ADE2381C0308293266C6 /* Frameworks */ = {
			isa = PBXGroup;
			children = (
				922EC081B7BFED29587E20E6 /* Pods_LiveProject.framework */,
				8AD450957296637E68373E03 /* Pods_LiveProjectTests.framework */,
				7B4490761A6B381B6E655F3E /* Pods_LiveProjectUITests.framework */,
			);
			name = Frameworks;
			sourceTree = "<group>";
		};
		63C272C41D2E45F00062C805 = {
			isa = PBXGroup;
			children = (
				63C272CF1D2E45F00062C805 /* LiveProject */,
				63C272E91D2E45F10062C805 /* LiveProjectTests */,
				63C272F41D2E45F10062C805 /* LiveProjectUITests */,
				63C272CE1D2E45F00062C805 /* Products */,
				FAC6EFE06D7738D406DA66C8 /* Pods */,
				3B38ADE2381C0308293266C6 /* Frameworks */,
			);
			sourceTree = "<group>";
		};
		63C272CE1D2E45F00062C805 /* Products */ = {
			isa = PBXGroup;
			children = (
				63C272CD1D2E45F00062C805 /* LiveProject.app */,
				63C272E61D2E45F10062C805 /* LiveProjectTests.xctest */,
				63C272F11D2E45F10062C805 /* LiveProjectUITests.xctest */,
			);
			name = Products;
			sourceTree = "<group>";
		};
		63C272CF1D2E45F00062C805 /* LiveProject */ = {
			isa = PBXGroup;
			children = (
				63C273031D2E46270062C805 /* Frameworks */,
				63C272D31D2E45F00062C805 /* AppDelegate.h */,
				63C272D41D2E45F00062C805 /* AppDelegate.m */,
				63C2731D1D2E58780062C805 /* Classes */,
				63C272D61D2E45F00062C805 /* ViewController.h */,
				63C272D71D2E45F00062C805 /* ViewController.m */,
				63C272DC1D2E45F00062C805 /* Assets.xcassets */,
				63C272DE1D2E45F00062C805 /* LaunchScreen.storyboard */,
				63C272E11D2E45F00062C805 /* Info.plist */,
				63C272D01D2E45F00062C805 /* Supporting Files */,
			);
			path = LiveProject;
			sourceTree = "<group>";
		};
		63C272D01D2E45F00062C805 /* Supporting Files */ = {
			isa = PBXGroup;
			children = (
				63C272D11D2E45F00062C805 /* main.m */,
				63C2731C1D2E56C40062C805 /* LiveProject.pch */,
			);
			name = "Supporting Files";
			sourceTree = "<group>";
		};
		63C272E91D2E45F10062C805 /* LiveProjectTests */ = {
			isa = PBXGroup;
			children = (
				63C272EA1D2E45F10062C805 /* LiveProjectTests.m */,
				63C272EC1D2E45F10062C805 /* Info.plist */,
			);
			path = LiveProjectTests;
			sourceTree = "<group>";
		};
		63C272F41D2E45F10062C805 /* LiveProjectUITests */ = {
			isa = PBXGroup;
			children = (
				63C272F51D2E45F10062C805 /* LiveProjectUITests.m */,
				63C272F71D2E45F10062C805 /* Info.plist */,
			);
			path = LiveProjectUITests;
			sourceTree = "<group>";
		};
		63C273031D2E46270062C805 /* Frameworks */ = {
			isa = PBXGroup;
			children = (
				63C2731A1D2E46D30062C805 /* libz.tbd */,
				63C273181D2E46CD0062C805 /* libbz2.tbd */,
				63C273161D2E46BE0062C805 /* MediaPlayer.framework */,
				63C273141D2E46AE0062C805 /* CoreGraphics.framework */,
				63C273121D2E46A40062C805 /* AVFoundation.framework */,
				63C273101D2E469A0062C805 /* AudioToolbox.framework */,
				63C2730E1D2E468E0062C805 /* MobileCoreServices.framework */,
				63C2730C1D2E46820062C805 /* OpenGLES.framework */,
				63C2730A1D2E467B0062C805 /* QuartzCore.framework */,
				63C273081D2E46700062C805 /* VideoToolbox.framework */,
				63C273061D2E46650062C805 /* CoreVideo.framework */,
				63C273041D2E46270062C805 /* IJKMediaFramework.framework */,
			);
			path = Frameworks;
			sourceTree = "<group>";
		};
		63C2731D1D2E58780062C805 /* Classes */ = {
			isa = PBXGroup;
			children = (
				63C2735C1D2F42C10062C805 /* BaseController */,
				63C2735D1D2F42C10062C805 /* Resource */,
				63C2734A1D2F3BC80062C805 /* Command */,
				63C273251D2E5CC50062C805 /* Toos */,
				63C2731E1D2E58780062C805 /* Network */,
				63C2734C1D2F3E410062C805 /* Home */,
				63C273501D2F3E410062C805 /* Live */,
				63C273541D2F3E410062C805 /* Part */,
				63C273581D2F3E410062C805 /* PersonCenter */,
			);
			path = Classes;
			sourceTree = "<group>";
		};
		63C2731E1D2E58780062C805 /* Network */ = {
			isa = PBXGroup;
			children = (
				63C2731F1D2E58780062C805 /* NetAccessor.h */,
				63C273201D2E58780062C805 /* NetAccessor.m */,
				63C273211D2E58780062C805 /* UIViewController+HUDUtils.h */,
				63C273221D2E58780062C805 /* UIViewController+HUDUtils.m */,
			);
			path = Network;
			sourceTree = "<group>";
		};
		63C273251D2E5CC50062C805 /* Toos */ = {
			isa = PBXGroup;
			children = (
				63C273261D2E5CC50062C805 /* Device */,
				63C273291D2E5CC50062C805 /* HUD */,
				63C2732E1D2E5CC50062C805 /* Refresh */,
				63C273311D2E5CC50062C805 /* UIImage */,
				63C273341D2E5CC50062C805 /* UIImageView */,
				63C273371D2E5CC50062C805 /* View */,
				63C2733A1D2E5CC50062C805 /* ViewController */,
				63C2733D1D2E5CC50062C805 /* Window */,
			);
			path = Toos;
			sourceTree = "<group>";
		};
		63C273261D2E5CC50062C805 /* Device */ = {
			isa = PBXGroup;
			children = (
				63C273271D2E5CC50062C805 /* UIDevice+SLExtension.h */,
				63C273281D2E5CC50062C805 /* UIDevice+SLExtension.m */,
			);
			path = Device;
			sourceTree = "<group>";
		};
		63C273291D2E5CC50062C805 /* HUD */ = {
			isa = PBXGroup;
			children = (
				63C2732A1D2E5CC50062C805 /* NSObject+ALinHUD.h */,
				63C2732B1D2E5CC50062C805 /* NSObject+ALinHUD.m */,
				63C2732C1D2E5CC50062C805 /* UIViewController+SLHUD.h */,
				63C2732D1D2E5CC50062C805 /* UIViewController+SLHUD.m */,
			);
			path = HUD;
			sourceTree = "<group>";
		};
		63C2732E1D2E5CC50062C805 /* Refresh */ = {
			isa = PBXGroup;
			children = (
				63C2732F1D2E5CC50062C805 /* ALinRefreshGifHeader.h */,
				63C273301D2E5CC50062C805 /* ALinRefreshGifHeader.m */,
			);
			path = Refresh;
			sourceTree = "<group>";
		};
		63C273311D2E5CC50062C805 /* UIImage */ = {
			isa = PBXGroup;
			children = (
				63C273321D2E5CC50062C805 /* UIImage+ALinExtension.h */,
				63C273331D2E5CC50062C805 /* UIImage+ALinExtension.m */,
			);
			path = UIImage;
			sourceTree = "<group>";
		};
		63C273341D2E5CC50062C805 /* UIImageView */ = {
			isa = PBXGroup;
			children = (
				63C273351D2E5CC50062C805 /* UIImageView+Extension.h */,
				63C273361D2E5CC50062C805 /* UIImageView+Extension.m */,
			);
			path = UIImageView;
			sourceTree = "<group>";
		};
		63C273371D2E5CC50062C805 /* View */ = {
			isa = PBXGroup;
			children = (
				63C273381D2E5CC50062C805 /* UIView+SLExtension.h */,
				63C273391D2E5CC50062C805 /* UIView+SLExtension.m */,
			);
			path = View;
			sourceTree = "<group>";
		};
		63C2733A1D2E5CC50062C805 /* ViewController */ = {
			isa = PBXGroup;
			children = (
				63C2733B1D2E5CC50062C805 /* UIViewController+SLExtension.h */,
				63C2733C1D2E5CC50062C805 /* UIViewController+SLExtension.m */,
			);
			path = ViewController;
			sourceTree = "<group>";
		};
		63C2733D1D2E5CC50062C805 /* Window */ = {
			isa = PBXGroup;
			children = (
				63C2733E1D2E5CC50062C805 /* SLTopWindow.h */,
				63C2733F1D2E5CC50062C805 /* SLTopWindow.m */,
			);
			path = Window;
			sourceTree = "<group>";
		};
		63C2734A1D2F3BC80062C805 /* Command */ = {
			isa = PBXGroup;
			children = (
				63C2734B1D2F3BE70062C805 /* GlobalConfig.h */,
			);
			path = Command;
			sourceTree = "<group>";
		};
		63C2734C1D2F3E410062C805 /* Home */ = {
			isa = PBXGroup;
			children = (
				63C2734D1D2F3E410062C805 /* Controller */,
				63C2734E1D2F3E410062C805 /* Model */,
				63C2734F1D2F3E410062C805 /* View */,
			);
			path = Home;
			sourceTree = "<group>";
		};
		63C2734D1D2F3E410062C805 /* Controller */ = {
			isa = PBXGroup;
			children = (
				63C273641D2F5A480062C805 /* HomeViewController.h */,
				63C273651D2F5A480062C805 /* HomeViewController.m */,
			);
			path = Controller;
			sourceTree = "<group>";
		};
		63C2734E1D2F3E410062C805 /* Model */ = {
			isa = PBXGroup;
			children = (
			);
			path = Model;
			sourceTree = "<group>";
		};
		63C2734F1D2F3E410062C805 /* View */ = {
			isa = PBXGroup;
			children = (
			);
			path = View;
			sourceTree = "<group>";
		};
		63C273501D2F3E410062C805 /* Live */ = {
			isa = PBXGroup;
			children = (
				63C273511D2F3E410062C805 /* Controller */,
				63C273521D2F3E410062C805 /* Model */,
				63C273531D2F3E410062C805 /* View */,
			);
			path = Live;
			sourceTree = "<group>";
		};
		63C273511D2F3E410062C805 /* Controller */ = {
			isa = PBXGroup;
			children = (
				63C2736A1D2F5AD20062C805 /* LiveViewController.h */,
				63C2736B1D2F5AD20062C805 /* LiveViewController.m */,
			);
			path = Controller;
			sourceTree = "<group>";
		};
		63C273521D2F3E410062C805 /* Model */ = {
			isa = PBXGroup;
			children = (
			);
			path = Model;
			sourceTree = "<group>";
		};
		63C273531D2F3E410062C805 /* View */ = {
			isa = PBXGroup;
			children = (
				63C273CD1D2FAE600062C805 /* LiveFlowLayout.h */,
				63C273CE1D2FAE600062C805 /* LiveFlowLayout.m */,
				6347597A1D3341ED00200374 /* LiveViewCell.h */,
				6347597B1D3341ED00200374 /* LiveViewCell.m */,
				6347597C1D3341ED00200374 /* LiveViewCell.xib */,
			);
			path = View;
			sourceTree = "<group>";
		};
		63C273541D2F3E410062C805 /* Part */ = {
			isa = PBXGroup;
			children = (
				63C273551D2F3E410062C805 /* Controller */,
				63C273561D2F3E410062C805 /* Model */,
				63C273571D2F3E410062C805 /* View */,
			);
			path = Part;
			sourceTree = "<group>";
		};
		63C273551D2F3E410062C805 /* Controller */ = {
			isa = PBXGroup;
			children = (
				63C273671D2F5A9D0062C805 /* PartViewController.h */,
				63C273681D2F5A9D0062C805 /* PartViewController.m */,
			);
			path = Controller;
			sourceTree = "<group>";
		};
		63C273561D2F3E410062C805 /* Model */ = {
			isa = PBXGroup;
			children = (
			);
			path = Model;
			sourceTree = "<group>";
		};
		63C273571D2F3E410062C805 /* View */ = {
			isa = PBXGroup;
			children = (
			);
			path = View;
			sourceTree = "<group>";
		};
		63C273581D2F3E410062C805 /* PersonCenter */ = {
			isa = PBXGroup;
			children = (
				63C273591D2F3E410062C805 /* Controller */,
				63C2735A1D2F3E410062C805 /* Model */,
				63C2735B1D2F3E410062C805 /* View */,
			);
			path = PersonCenter;
			sourceTree = "<group>";
		};
		63C273591D2F3E410062C805 /* Controller */ = {
			isa = PBXGroup;
			children = (
				63C273C81D2FA3630062C805 /* PersonViewController.h */,
				63C273C91D2FA3630062C805 /* PersonViewController.m */,
				63C273CA1D2FA3630062C805 /* PersonViewController.xib */,
			);
			path = Controller;
			sourceTree = "<group>";
		};
		63C2735A1D2F3E410062C805 /* Model */ = {
			isa = PBXGroup;
			children = (
			);
			path = Model;
			sourceTree = "<group>";
		};
		63C2735B1D2F3E410062C805 /* View */ = {
			isa = PBXGroup;
			children = (
			);
			path = View;
			sourceTree = "<group>";
		};
		63C2735C1D2F42C10062C805 /* BaseController */ = {
			isa = PBXGroup;
			children = (
				63C2735E1D2F43510062C805 /* BaseNavigationViewController.h */,
				63C2735F1D2F43510062C805 /* BaseNavigationViewController.m */,
				63C273611D2F43B40062C805 /* BaseTabBarControllerViewController.h */,
				63C273621D2F43B40062C805 /* BaseTabBarControllerViewController.m */,
			);
			path = BaseController;
			sourceTree = "<group>";
		};
		63C2735D1D2F42C10062C805 /* Resource */ = {
			isa = PBXGroup;
			children = (
				63C273BE1D2F9B6B0062C805 /* ani_popover_loading_yz_small.gif */,
				63C273BF1D2F9B6B0062C805 /* ani_popover_loading_yz.gif */,
				63C273C01D2F9B6B0062C805 /* btn_nav_open_ani_sc_normal.gif */,
			);
			path = Resource;
			sourceTree = "<group>";
		};
		FAC6EFE06D7738D406DA66C8 /* Pods */ = {
			isa = PBXGroup;
			children = (
				0D40A4B1A74D2675B2F9020E /* Pods-LiveProject.debug.xcconfig */,
				40D48536A90284C19C79B6D4 /* Pods-LiveProject.release.xcconfig */,
				4E04E2346BF078078928C28B /* Pods-LiveProjectTests.debug.xcconfig */,
				99B05EC76CCEE275B9BA0716 /* Pods-LiveProjectTests.release.xcconfig */,
				4A70146E202DD8207C3A1028 /* Pods-LiveProjectUITests.debug.xcconfig */,
				A9BEFED0DF6F0F1ABDFD78FA /* Pods-LiveProjectUITests.release.xcconfig */,
			);
			name = Pods;
			sourceTree = "<group>";
		};
/* End PBXGroup section */

/* Begin PBXNativeTarget section */
		63C272CC1D2E45F00062C805 /* LiveProject */ = {
			isa = PBXNativeTarget;
			buildConfigurationList = 63C272FA1D2E45F10062C805 /* Build configuration list for PBXNativeTarget "LiveProject" */;
			buildPhases = (
				1F31180D58AFE02DB8D5C197 /* 📦 Check Pods Manifest.lock */,
				63C272C91D2E45F00062C805 /* Sources */,
				63C272CA1D2E45F00062C805 /* Frameworks */,
				63C272CB1D2E45F00062C805 /* Resources */,
				14D0D602C7F611711AB0B83C /* 📦 Embed Pods Frameworks */,
				C6CD86D4CE61EA4B3DD2819C /* 📦 Copy Pods Resources */,
			);
			buildRules = (
			);
			dependencies = (
			);
			name = LiveProject;
			productName = LiveProject;
			productReference = 63C272CD1D2E45F00062C805 /* LiveProject.app */;
			productType = "com.apple.product-type.application";
		};
		63C272E51D2E45F10062C805 /* LiveProjectTests */ = {
			isa = PBXNativeTarget;
			buildConfigurationList = 63C272FD1D2E45F10062C805 /* Build configuration list for PBXNativeTarget "LiveProjectTests" */;
			buildPhases = (
				2E5DEEA7A4C60945D48B2BE2 /* 📦 Check Pods Manifest.lock */,
				63C272E21D2E45F10062C805 /* Sources */,
				63C272E31D2E45F10062C805 /* Frameworks */,
				63C272E41D2E45F10062C805 /* Resources */,
				65031EB88F5D5DE8770C5C8F /* 📦 Embed Pods Frameworks */,
				2690664ADD1127B1F1EB4D18 /* 📦 Copy Pods Resources */,
			);
			buildRules = (
			);
			dependencies = (
				63C272E81D2E45F10062C805 /* PBXTargetDependency */,
			);
			name = LiveProjectTests;
			productName = LiveProjectTests;
			productReference = 63C272E61D2E45F10062C805 /* LiveProjectTests.xctest */;
			productType = "com.apple.product-type.bundle.unit-test";
		};
		63C272F01D2E45F10062C805 /* LiveProjectUITests */ = {
			isa = PBXNativeTarget;
			buildConfigurationList = 63C273001D2E45F10062C805 /* Build configuration list for PBXNativeTarget "LiveProjectUITests" */;
			buildPhases = (
				94769CFBB21DA35C750F3ADB /* 📦 Check Pods Manifest.lock */,
				63C272ED1D2E45F10062C805 /* Sources */,
				63C272EE1D2E45F10062C805 /* Frameworks */,
				63C272EF1D2E45F10062C805 /* Resources */,
				69A636C35A2F4D1E5A559601 /* 📦 Copy Pods Resources */,
			);
			buildRules = (
			);
			dependencies = (
				63C272F31D2E45F10062C805 /* PBXTargetDependency */,
			);
			name = LiveProjectUITests;
			productName = LiveProjectUITests;
			productReference = 63C272F11D2E45F10062C805 /* LiveProjectUITests.xctest */;
			productType = "com.apple.product-type.bundle.ui-testing";
		};
/* End PBXNativeTarget section */

/* Begin PBXProject section */
		63C272C51D2E45F00062C805 /* Project object */ = {
			isa = PBXProject;
			attributes = {
				LastUpgradeCheck = 0730;
				ORGANIZATIONNAME = dd;
				TargetAttributes = {
					63C272CC1D2E45F00062C805 = {
						CreatedOnToolsVersion = 7.3.1;
					};
					63C272E51D2E45F10062C805 = {
						CreatedOnToolsVersion = 7.3.1;
						TestTargetID = 63C272CC1D2E45F00062C805;
					};
					63C272F01D2E45F10062C805 = {
						CreatedOnToolsVersion = 7.3.1;
						TestTargetID = 63C272CC1D2E45F00062C805;
					};
				};
			};
			buildConfigurationList = 63C272C81D2E45F00062C805 /* Build configuration list for PBXProject "LiveProject" */;
			compatibilityVersion = "Xcode 3.2";
			developmentRegion = English;
			hasScannedForEncodings = 0;
			knownRegions = (
				en,
				Base,
			);
			mainGroup = 63C272C41D2E45F00062C805;
			productRefGroup = 63C272CE1D2E45F00062C805 /* Products */;
			projectDirPath = "";
			projectRoot = "";
			targets = (
				63C272CC1D2E45F00062C805 /* LiveProject */,
				63C272E51D2E45F10062C805 /* LiveProjectTests */,
				63C272F01D2E45F10062C805 /* LiveProjectUITests */,
			);
		};
/* End PBXProject section */

/* Begin PBXResourcesBuildPhase section */
		63C272CB1D2E45F00062C805 /* Resources */ = {
			isa = PBXResourcesBuildPhase;
			buildActionMask = 2147483647;
			files = (
				63C273C11D2F9B6B0062C805 /* ani_popover_loading_yz_small.gif in Resources */,
				63C272E01D2E45F00062C805 /* LaunchScreen.storyboard in Resources */,
				6347597E1D3341ED00200374 /* LiveViewCell.xib in Resources */,
				63C272DD1D2E45F00062C805 /* Assets.xcassets in Resources */,
				63C273CC1D2FA3630062C805 /* PersonViewController.xib in Resources */,
				63C273C31D2F9B6B0062C805 /* btn_nav_open_ani_sc_normal.gif in Resources */,
				63C273C21D2F9B6B0062C805 /* ani_popover_loading_yz.gif in Resources */,
			);
			runOnlyForDeploymentPostprocessing = 0;
		};
		63C272E41D2E45F10062C805 /* Resources */ = {
			isa = PBXResourcesBuildPhase;
			buildActionMask = 2147483647;
			files = (
			);
			runOnlyForDeploymentPostprocessing = 0;
		};
		63C272EF1D2E45F10062C805 /* Resources */ = {
			isa = PBXResourcesBuildPhase;
			buildActionMask = 2147483647;
			files = (
			);
			runOnlyForDeploymentPostprocessing = 0;
		};
/* End PBXResourcesBuildPhase section */

/* Begin PBXShellScriptBuildPhase section */
		14D0D602C7F611711AB0B83C /* 📦 Embed Pods Frameworks */ = {
			isa = PBXShellScriptBuildPhase;
			buildActionMask = 2147483647;
			files = (
			);
			inputPaths = (
			);
			name = "📦 Embed Pods Frameworks";
			outputPaths = (
			);
			runOnlyForDeploymentPostprocessing = 0;
			shellPath = /bin/sh;
			shellScript = "\"${SRCROOT}/Pods/Target Support Files/Pods-LiveProject/Pods-LiveProject-frameworks.sh\"\n";
			showEnvVarsInLog = 0;
		};
		1F31180D58AFE02DB8D5C197 /* 📦 Check Pods Manifest.lock */ = {
			isa = PBXShellScriptBuildPhase;
			buildActionMask = 2147483647;
			files = (
			);
			inputPaths = (
			);
			name = "📦 Check Pods Manifest.lock";
			outputPaths = (
			);
			runOnlyForDeploymentPostprocessing = 0;
			shellPath = /bin/sh;
			shellScript = "diff \"${PODS_ROOT}/../Podfile.lock\" \"${PODS_ROOT}/Manifest.lock\" > /dev/null\nif [[ $? != 0 ]] ; then\n    cat << EOM\nerror: The sandbox is not in sync with the Podfile.lock. Run 'pod install' or update your CocoaPods installation.\nEOM\n    exit 1\nfi\n";
			showEnvVarsInLog = 0;
		};
		2690664ADD1127B1F1EB4D18 /* 📦 Copy Pods Resources */ = {
			isa = PBXShellScriptBuildPhase;
			buildActionMask = 2147483647;
			files = (
			);
			inputPaths = (
			);
			name = "📦 Copy Pods Resources";
			outputPaths = (
			);
			runOnlyForDeploymentPostprocessing = 0;
			shellPath = /bin/sh;
			shellScript = "\"${SRCROOT}/Pods/Target Support Files/Pods-LiveProjectTests/Pods-LiveProjectTests-resources.sh\"\n";
			showEnvVarsInLog = 0;
		};
		2E5DEEA7A4C60945D48B2BE2 /* 📦 Check Pods Manifest.lock */ = {
			isa = PBXShellScriptBuildPhase;
			buildActionMask = 2147483647;
			files = (
			);
			inputPaths = (
			);
			name = "📦 Check Pods Manifest.lock";
			outputPaths = (
			);
			runOnlyForDeploymentPostprocessing = 0;
			shellPath = /bin/sh;
			shellScript = "diff \"${PODS_ROOT}/../Podfile.lock\" \"${PODS_ROOT}/Manifest.lock\" > /dev/null\nif [[ $? != 0 ]] ; then\n    cat << EOM\nerror: The sandbox is not in sync with the Podfile.lock. Run 'pod install' or update your CocoaPods installation.\nEOM\n    exit 1\nfi\n";
			showEnvVarsInLog = 0;
		};
		65031EB88F5D5DE8770C5C8F /* 📦 Embed Pods Frameworks */ = {
			isa = PBXShellScriptBuildPhase;
			buildActionMask = 2147483647;
			files = (
			);
			inputPaths = (
			);
			name = "📦 Embed Pods Frameworks";
			outputPaths = (
			);
			runOnlyForDeploymentPostprocessing = 0;
			shellPath = /bin/sh;
			shellScript = "\"${SRCROOT}/Pods/Target Support Files/Pods-LiveProjectTests/Pods-LiveProjectTests-frameworks.sh\"\n";
			showEnvVarsInLog = 0;
		};
		69A636C35A2F4D1E5A559601 /* 📦 Copy Pods Resources */ = {
			isa = PBXShellScriptBuildPhase;
			buildActionMask = 2147483647;
			files = (
			);
			inputPaths = (
			);
			name = "📦 Copy Pods Resources";
			outputPaths = (
			);
			runOnlyForDeploymentPostprocessing = 0;
			shellPath = /bin/sh;
			shellScript = "\"${SRCROOT}/Pods/Target Support Files/Pods-LiveProjectUITests/Pods-LiveProjectUITests-resources.sh\"\n";
			showEnvVarsInLog = 0;
		};
		94769CFBB21DA35C750F3ADB /* 📦 Check Pods Manifest.lock */ = {
			isa = PBXShellScriptBuildPhase;
			buildActionMask = 2147483647;
			files = (
			);
			inputPaths = (
			);
			name = "📦 Check Pods Manifest.lock";
			outputPaths = (
			);
			runOnlyForDeploymentPostprocessing = 0;
			shellPath = /bin/sh;
			shellScript = "diff \"${PODS_ROOT}/../Podfile.lock\" \"${PODS_ROOT}/Manifest.lock\" > /dev/null\nif [[ $? != 0 ]] ; then\n    cat << EOM\nerror: The sandbox is not in sync with the Podfile.lock. Run 'pod install' or update your CocoaPods installation.\nEOM\n    exit 1\nfi\n";
			showEnvVarsInLog = 0;
		};
		C6CD86D4CE61EA4B3DD2819C /* 📦 Copy Pods Resources */ = {
			isa = PBXShellScriptBuildPhase;
			buildActionMask = 2147483647;
			files = (
			);
			inputPaths = (
			);
			name = "📦 Copy Pods Resources";
			outputPaths = (
			);
			runOnlyForDeploymentPostprocessing = 0;
			shellPath = /bin/sh;
			shellScript = "\"${SRCROOT}/Pods/Target Support Files/Pods-LiveProject/Pods-LiveProject-resources.sh\"\n";
			showEnvVarsInLog = 0;
		};
/* End PBXShellScriptBuildPhase section */

/* Begin PBXSourcesBuildPhase section */
		63C272C91D2E45F00062C805 /* Sources */ = {
			isa = PBXSourcesBuildPhase;
			buildActionMask = 2147483647;
			files = (
				63C273411D2E5CC50062C805 /* NSObject+ALinHUD.m in Sources */,
				63C273601D2F43510062C805 /* BaseNavigationViewController.m in Sources */,
				63C273401D2E5CC50062C805 /* UIDevice+SLExtension.m in Sources */,
				63C272D81D2E45F00062C805 /* ViewController.m in Sources */,
				63C273461D2E5CC50062C805 /* UIView+SLExtension.m in Sources */,
				63C273421D2E5CC50062C805 /* UIViewController+SLHUD.m in Sources */,
				63C273471D2E5CC50062C805 /* UIViewController+SLExtension.m in Sources */,
				63C273CF1D2FAE600062C805 /* LiveFlowLayout.m in Sources */,
				63C273481D2E5CC50062C805 /* SLTopWindow.m in Sources */,
				63C273661D2F5A480062C805 /* HomeViewController.m in Sources */,
				63C272D51D2E45F00062C805 /* AppDelegate.m in Sources */,
				63C273631D2F43B40062C805 /* BaseTabBarControllerViewController.m in Sources */,
				63C273231D2E58780062C805 /* NetAccessor.m in Sources */,
				63C272D21D2E45F00062C805 /* main.m in Sources */,
				6347597D1D3341ED00200374 /* LiveViewCell.m in Sources */,
				63C273691D2F5A9D0062C805 /* PartViewController.m in Sources */,
				63C273451D2E5CC50062C805 /* UIImageView+Extension.m in Sources */,
				63C273CB1D2FA3630062C805 /* PersonViewController.m in Sources */,
				63C273431D2E5CC50062C805 /* ALinRefreshGifHeader.m in Sources */,
				63C2736C1D2F5AD20062C805 /* LiveViewController.m in Sources */,
				63C273241D2E58780062C805 /* UIViewController+HUDUtils.m in Sources */,
				63C273441D2E5CC50062C805 /* UIImage+ALinExtension.m in Sources */,
			);
			runOnlyForDeploymentPostprocessing = 0;
		};
		63C272E21D2E45F10062C805 /* Sources */ = {
			isa = PBXSourcesBuildPhase;
			buildActionMask = 2147483647;
			files = (
				63C272EB1D2E45F10062C805 /* LiveProjectTests.m in Sources */,
			);
			runOnlyForDeploymentPostprocessing = 0;
		};
		63C272ED1D2E45F10062C805 /* Sources */ = {
			isa = PBXSourcesBuildPhase;
			buildActionMask = 2147483647;
			files = (
				63C272F61D2E45F10062C805 /* LiveProjectUITests.m in Sources */,
			);
			runOnlyForDeploymentPostprocessing = 0;
		};
/* End PBXSourcesBuildPhase section */

/* Begin PBXTargetDependency section */
		63C272E81D2E45F10062C805 /* PBXTargetDependency */ = {
			isa = PBXTargetDependency;
			target = 63C272CC1D2E45F00062C805 /* LiveProject */;
			targetProxy = 63C272E71D2E45F10062C805 /* PBXContainerItemProxy */;
		};
		63C272F31D2E45F10062C805 /* PBXTargetDependency */ = {
			isa = PBXTargetDependency;
			target = 63C272CC1D2E45F00062C805 /* LiveProject */;
			targetProxy = 63C272F21D2E45F10062C805 /* PBXContainerItemProxy */;
		};
/* End PBXTargetDependency section */

/* Begin PBXVariantGroup section */
		63C272DE1D2E45F00062C805 /* LaunchScreen.storyboard */ = {
			isa = PBXVariantGroup;
			children = (
				63C272DF1D2E45F00062C805 /* Base */,
			);
			name = LaunchScreen.storyboard;
			sourceTree = "<group>";
		};
/* End PBXVariantGroup section */

/* Begin XCBuildConfiguration section */
		63C272F81D2E45F10062C805 /* Debug */ = {
			isa = XCBuildConfiguration;
			buildSettings = {
				ALWAYS_SEARCH_USER_PATHS = NO;
				CLANG_ANALYZER_NONNULL = YES;
				CLANG_CXX_LANGUAGE_STANDARD = "gnu++0x";
				CLANG_CXX_LIBRARY = "libc++";
				CLANG_ENABLE_MODULES = YES;
				CLANG_ENABLE_OBJC_ARC = YES;
				CLANG_WARN_BOOL_CONVERSION = YES;
				CLANG_WARN_CONSTANT_CONVERSION = YES;
				CLANG_WARN_DIRECT_OBJC_ISA_USAGE = YES_ERROR;
				CLANG_WARN_EMPTY_BODY = YES;
				CLANG_WARN_ENUM_CONVERSION = YES;
				CLANG_WARN_INT_CONVERSION = YES;
				CLANG_WARN_OBJC_ROOT_CLASS = YES_ERROR;
				CLANG_WARN_UNREACHABLE_CODE = YES;
				CLANG_WARN__DUPLICATE_METHOD_MATCH = YES;
				"CODE_SIGN_IDENTITY[sdk=iphoneos*]" = "iPhone Developer";
				COPY_PHASE_STRIP = NO;
				DEBUG_INFORMATION_FORMAT = dwarf;
				ENABLE_STRICT_OBJC_MSGSEND = YES;
				ENABLE_TESTABILITY = YES;
				GCC_C_LANGUAGE_STANDARD = gnu99;
				GCC_DYNAMIC_NO_PIC = NO;
				GCC_NO_COMMON_BLOCKS = YES;
				GCC_OPTIMIZATION_LEVEL = 0;
				GCC_PREPROCESSOR_DEFINITIONS = (
					"DEBUG=1",
					"$(inherited)",
				);
				GCC_WARN_64_TO_32_BIT_CONVERSION = YES;
				GCC_WARN_ABOUT_RETURN_TYPE = YES_ERROR;
				GCC_WARN_UNDECLARED_SELECTOR = YES;
				GCC_WARN_UNINITIALIZED_AUTOS = YES_AGGRESSIVE;
				GCC_WARN_UNUSED_FUNCTION = YES;
				GCC_WARN_UNUSED_VARIABLE = YES;
				IPHONEOS_DEPLOYMENT_TARGET = 9.3;
				MTL_ENABLE_DEBUG_INFO = YES;
				ONLY_ACTIVE_ARCH = YES;
				SDKROOT = iphoneos;
			};
			name = Debug;
		};
		63C272F91D2E45F10062C805 /* Release */ = {
			isa = XCBuildConfiguration;
			buildSettings = {
				ALWAYS_SEARCH_USER_PATHS = NO;
				CLANG_ANALYZER_NONNULL = YES;
				CLANG_CXX_LANGUAGE_STANDARD = "gnu++0x";
				CLANG_CXX_LIBRARY = "libc++";
				CLANG_ENABLE_MODULES = YES;
				CLANG_ENABLE_OBJC_ARC = YES;
				CLANG_WARN_BOOL_CONVERSION = YES;
				CLANG_WARN_CONSTANT_CONVERSION = YES;
				CLANG_WARN_DIRECT_OBJC_ISA_USAGE = YES_ERROR;
				CLANG_WARN_EMPTY_BODY = YES;
				CLANG_WARN_ENUM_CONVERSION = YES;
				CLANG_WARN_INT_CONVERSION = YES;
				CLANG_WARN_OBJC_ROOT_CLASS = YES_ERROR;
				CLANG_WARN_UNREACHABLE_CODE = YES;
				CLANG_WARN__DUPLICATE_METHOD_MATCH = YES;
				"CODE_SIGN_IDENTITY[sdk=iphoneos*]" = "iPhone Developer";
				COPY_PHASE_STRIP = NO;
				DEBUG_INFORMATION_FORMAT = "dwarf-with-dsym";
				ENABLE_NS_ASSERTIONS = NO;
				ENABLE_STRICT_OBJC_MSGSEND = YES;
				GCC_C_LANGUAGE_STANDARD = gnu99;
				GCC_NO_COMMON_BLOCKS = YES;
				GCC_WARN_64_TO_32_BIT_CONVERSION = YES;
				GCC_WARN_ABOUT_RETURN_TYPE = YES_ERROR;
				GCC_WARN_UNDECLARED_SELECTOR = YES;
				GCC_WARN_UNINITIALIZED_AUTOS = YES_AGGRESSIVE;
				GCC_WARN_UNUSED_FUNCTION = YES;
				GCC_WARN_UNUSED_VARIABLE = YES;
				IPHONEOS_DEPLOYMENT_TARGET = 9.3;
				MTL_ENABLE_DEBUG_INFO = NO;
				SDKROOT = iphoneos;
				VALIDATE_PRODUCT = YES;
			};
			name = Release;
		};
		63C272FB1D2E45F10062C805 /* Debug */ = {
			isa = XCBuildConfiguration;
			baseConfigurationReference = 0D40A4B1A74D2675B2F9020E /* Pods-LiveProject.debug.xcconfig */;
			buildSettings = {
				ASSETCATALOG_COMPILER_APPICON_NAME = AppIcon;
				FRAMEWORK_SEARCH_PATHS = (
					"$(inherited)",
					"$(PROJECT_DIR)/LiveProject/Frameworks",
				);
				GCC_PREFIX_HEADER = LiveProject/LiveProject.pch;
				INFOPLIST_FILE = LiveProject/Info.plist;
				IPHONEOS_DEPLOYMENT_TARGET = 8.0;
				LD_RUNPATH_SEARCH_PATHS = "$(inherited) @executable_path/Frameworks";
				PRODUCT_BUNDLE_IDENTIFIER = com.zyjr.LiveProject;
				PRODUCT_NAME = "$(TARGET_NAME)";
			};
			name = Debug;
		};
		63C272FC1D2E45F10062C805 /* Release */ = {
			isa = XCBuildConfiguration;
			baseConfigurationReference = 40D48536A90284C19C79B6D4 /* Pods-LiveProject.release.xcconfig */;
			buildSettings = {
				ASSETCATALOG_COMPILER_APPICON_NAME = AppIcon;
				FRAMEWORK_SEARCH_PATHS = (
					"$(inherited)",
					"$(PROJECT_DIR)/LiveProject/Frameworks",
				);
				GCC_PREFIX_HEADER = LiveProject/LiveProject.pch;
				INFOPLIST_FILE = LiveProject/Info.plist;
				IPHONEOS_DEPLOYMENT_TARGET = 8.0;
				LD_RUNPATH_SEARCH_PATHS = "$(inherited) @executable_path/Frameworks";
				PRODUCT_BUNDLE_IDENTIFIER = com.zyjr.LiveProject;
				PRODUCT_NAME = "$(TARGET_NAME)";
			};
			name = Release;
		};
		63C272FE1D2E45F10062C805 /* Debug */ = {
			isa = XCBuildConfiguration;
			baseConfigurationReference = 4E04E2346BF078078928C28B /* Pods-LiveProjectTests.debug.xcconfig */;
			buildSettings = {
				BUNDLE_LOADER = "$(TEST_HOST)";
				INFOPLIST_FILE = LiveProjectTests/Info.plist;
				LD_RUNPATH_SEARCH_PATHS = "$(inherited) @executable_path/Frameworks @loader_path/Frameworks";
				PRODUCT_BUNDLE_IDENTIFIER = com.zyjr.LiveProjectTests;
				PRODUCT_NAME = "$(TARGET_NAME)";
				TEST_HOST = "$(BUILT_PRODUCTS_DIR)/LiveProject.app/LiveProject";
			};
			name = Debug;
		};
		63C272FF1D2E45F10062C805 /* Release */ = {
			isa = XCBuildConfiguration;
			baseConfigurationReference = 99B05EC76CCEE275B9BA0716 /* Pods-LiveProjectTests.release.xcconfig */;
			buildSettings = {
				BUNDLE_LOADER = "$(TEST_HOST)";
				INFOPLIST_FILE = LiveProjectTests/Info.plist;
				LD_RUNPATH_SEARCH_PATHS = "$(inherited) @executable_path/Frameworks @loader_path/Frameworks";
				PRODUCT_BUNDLE_IDENTIFIER = com.zyjr.LiveProjectTests;
				PRODUCT_NAME = "$(TARGET_NAME)";
				TEST_HOST = "$(BUILT_PRODUCTS_DIR)/LiveProject.app/LiveProject";
			};
			name = Release;
		};
		63C273011D2E45F10062C805 /* Debug */ = {
			isa = XCBuildConfiguration;
			baseConfigurationReference = 4A70146E202DD8207C3A1028 /* Pods-LiveProjectUITests.debug.xcconfig */;
			buildSettings = {
				INFOPLIST_FILE = LiveProjectUITests/Info.plist;
				LD_RUNPATH_SEARCH_PATHS = "$(inherited) @executable_path/Frameworks @loader_path/Frameworks";
				PRODUCT_BUNDLE_IDENTIFIER = com.zyjr.LiveProjectUITests;
				PRODUCT_NAME = "$(TARGET_NAME)";
				TEST_TARGET_NAME = LiveProject;
			};
			name = Debug;
		};
		63C273021D2E45F10062C805 /* Release */ = {
			isa = XCBuildConfiguration;
			baseConfigurationReference = A9BEFED0DF6F0F1ABDFD78FA /* Pods-LiveProjectUITests.release.xcconfig */;
			buildSettings = {
				INFOPLIST_FILE = LiveProjectUITests/Info.plist;
				LD_RUNPATH_SEARCH_PATHS = "$(inherited) @executable_path/Frameworks @loader_path/Frameworks";
				PRODUCT_BUNDLE_IDENTIFIER = com.zyjr.LiveProjectUITests;
				PRODUCT_NAME = "$(TARGET_NAME)";
				TEST_TARGET_NAME = LiveProject;
			};
			name = Release;
		};
/* End XCBuildConfiguration section */

/* Begin XCConfigurationList section */
		63C272C81D2E45F00062C805 /* Build configuration list for PBXProject "LiveProject" */ = {
			isa = XCConfigurationList;
			buildConfigurations = (
				63C272F81D2E45F10062C805 /* Debug */,
				63C272F91D2E45F10062C805 /* Release */,
			);
			defaultConfigurationIsVisible = 0;
			defaultConfigurationName = Release;
		};
		63C272FA1D2E45F10062C805 /* Build configuration list for PBXNativeTarget "LiveProject" */ = {
			isa = XCConfigurationList;
			buildConfigurations = (
				63C272FB1D2E45F10062C805 /* Debug */,
				63C272FC1D2E45F10062C805 /* Release */,
			);
			defaultConfigurationIsVisible = 0;
			defaultConfigurationName = Release;
		};
		63C272FD1D2E45F10062C805 /* Build configuration list for PBXNativeTarget "LiveProjectTests" */ = {
			isa = XCConfigurationList;
			buildConfigurations = (
				63C272FE1D2E45F10062C805 /* Debug */,
				63C272FF1D2E45F10062C805 /* Release */,
			);
			defaultConfigurationIsVisible = 0;
			defaultConfigurationName = Release;
		};
		63C273001D2E45F10062C805 /* Build configuration list for PBXNativeTarget "LiveProjectUITests" */ = {
			isa = XCConfigurationList;
			buildConfigurations = (
				63C273011D2E45F10062C805 /* Debug */,
				63C273021D2E45F10062C805 /* Release */,
			);
			defaultConfigurationIsVisible = 0;
			defaultConfigurationName = Release;
		};
/* End XCConfigurationList section */
	};
	rootObject = 63C272C51D2E45F00062C805 /* Project object */;
}
